{
  "requires": true,
  "lockfileVersion": 1,
  "dependencies": {
    "bootstrap": {
      "version": "4.1.3",
      "resolved": "https://registry.npmjs.org/bootstrap/-/bootstrap-4.1.3.tgz",
      "integrity": "sha512-rDFIzgXcof0jDyjNosjv4Sno77X4KuPeFxG2XZZv1/Kc8DRVGVADdoQyyOVDwPqL36DDmtCQbrpMCqvpPLJQ0w=="
    },
    "mdbootstrap": {
      "version": "4.5.8",
      "resolved": "https://registry.npmjs.org/mdbootstrap/-/mdbootstrap-4.5.8.tgz",
      "integrity": "sha512-nV7AVocOA1b385XoOOUSzT7SAXp1xltHQiYzHokR2HIwNhpDQXL/AR4Mi15NA8kv4+0oqOVbC9huXjei9aqK4A=="
    }
  }
}
